// !$*UTF8*$!
{
	archiveVersion = 1;
	classes = {
	};
	objectVersion = 50;
	objects = {

/* Begin PBXBuildFile section */
		3F69A5C2225E939C0033F794 /* AppDelegate.swift in Sources */ = {isa = PBXBuildFile; fileRef = 3F69A5C1225E939C0033F794 /* AppDelegate.swift */; };
		3F69A5C4225E939C0033F794 /* ViewController.swift in Sources */ = {isa = PBXBuildFile; fileRef = 3F69A5C3225E939C0033F794 /* ViewController.swift */; };
		3F69A5C7225E939C0033F794 /* Main.storyboard in Resources */ = {isa = PBXBuildFile; fileRef = 3F69A5C5225E939C0033F794 /* Main.storyboard */; };
		3F69A5C9225E939E0033F794 /* Assets.xcassets in Resources */ = {isa = PBXBuildFile; fileRef = 3F69A5C8225E939E0033F794 /* Assets.xcassets */; };
		3F69A5CC225E939E0033F794 /* LaunchScreen.storyboard in Resources */ = {isa = PBXBuildFile; fileRef = 3F69A5CA225E939E0033F794 /* LaunchScreen.storyboard */; };
		3F69A5D7225E939E0033F794 /* Learn2DanceTests.swift in Sources */ = {isa = PBXBuildFile; fileRef = 3F69A5D6225E939E0033F794 /* Learn2DanceTests.swift */; };
		3F69A5E2225E939E0033F794 /* Learn2DanceUITests.swift in Sources */ = {isa = PBXBuildFile; fileRef = 3F69A5E1225E939E0033F794 /* Learn2DanceUITests.swift */; };
		3F69A5F0225E93CD0033F794 /* Create.storyboard in Resources */ = {isa = PBXBuildFile; fileRef = 3F69A5EF225E93CD0033F794 /* Create.storyboard */; };
		3F69A5F2225E93E70033F794 /* Stream.storyboard in Resources */ = {isa = PBXBuildFile; fileRef = 3F69A5F1225E93E70033F794 /* Stream.storyboard */; };
		3F69A5F4225E998F0033F794 /* Detail.storyboard in Resources */ = {isa = PBXBuildFile; fileRef = 3F69A5F3225E998F0033F794 /* Detail.storyboard */; };
		3F69A5F6225E9C550033F794 /* LoginViewController.swift in Sources */ = {isa = PBXBuildFile; fileRef = 3F69A5F5225E9C550033F794 /* LoginViewController.swift */; };
		3F69A5F8225E9D370033F794 /* CreateViewController.swift in Sources */ = {isa = PBXBuildFile; fileRef = 3F69A5F7225E9D370033F794 /* CreateViewController.swift */; };
		3F69A5FA225E9D5D0033F794 /* DetailViewController.swift in Sources */ = {isa = PBXBuildFile; fileRef = 3F69A5F9225E9D5D0033F794 /* DetailViewController.swift */; };
		3F69A5FC225E9D6B0033F794 /* StreamViewController.swift in Sources */ = {isa = PBXBuildFile; fileRef = 3F69A5FB225E9D6B0033F794 /* StreamViewController.swift */; };
		44B255B95BE17CBFFB33F5BB /* Pods_Learn2DanceTests.framework in Frameworks */ = {isa = PBXBuildFile; fileRef = 7B9682A4C39DD25FBA5AC694 /* Pods_Learn2DanceTests.framework */; };
		6C7A6567A61E67BA37FC0895 /* Pods_Learn2Dance.framework in Frameworks */ = {isa = PBXBuildFile; fileRef = AC4997993BAB6B0661C9D6A0 /* Pods_Learn2Dance.framework */; };
		BFDB843C055AFAEC671281F9 /* Pods_Learn2DanceUITests.framework in Frameworks */ = {isa = PBXBuildFile; fileRef = F0F125B59BB58B482463E84C /* Pods_Learn2DanceUITests.framework */; };
/* End PBXBuildFile section */

/* Begin PBXContainerItemProxy section */
		3F69A5D3225E939E0033F794 /* PBXContainerItemProxy */ = {
			isa = PBXContainerItemProxy;
			containerPortal = 3F69A5B6225E939C0033F794 /* Project object */;
			proxyType = 1;
			remoteGlobalIDString = 3F69A5BD225E939C0033F794;
			remoteInfo = Learn2Dance;
		};
		3F69A5DE225E939E0033F794 /* PBXContainerItemProxy */ = {
			isa = PBXContainerItemProxy;
			containerPortal = 3F69A5B6225E939C0033F794 /* Project object */;
			proxyType = 1;
			remoteGlobalIDString = 3F69A5BD225E939C0033F794;
			remoteInfo = Learn2Dance;
		};
/* End PBXContainerItemProxy section */

/* Begin PBXFileReference section */
		2F29062BBF7165807554C88E /* Pods-Learn2DanceTests.release.xcconfig */ = {isa = PBXFileReference; includeInIndex = 1; lastKnownFileType = text.xcconfig; name = "Pods-Learn2DanceTests.release.xcconfig"; path = "Target Support Files/Pods-Learn2DanceTests/Pods-Learn2DanceTests.release.xcconfig"; sourceTree = "<group>"; };
		3CEC85CED540CE56567E7C38 /* Pods-Learn2Dance.release.xcconfig */ = {isa = PBXFileReference; includeInIndex = 1; lastKnownFileType = text.xcconfig; name = "Pods-Learn2Dance.release.xcconfig"; path = "Target Support Files/Pods-Learn2Dance/Pods-Learn2Dance.release.xcconfig"; sourceTree = "<group>"; };
		3F69A5BE225E939C0033F794 /* Learn2Dance.app */ = {isa = PBXFileReference; explicitFileType = wrapper.application; includeInIndex = 0; path = Learn2Dance.app; sourceTree = BUILT_PRODUCTS_DIR; };
		3F69A5C1225E939C0033F794 /* AppDelegate.swift */ = {isa = PBXFileReference; lastKnownFileType = sourcecode.swift; path = AppDelegate.swift; sourceTree = "<group>"; };
		3F69A5C3225E939C0033F794 /* ViewController.swift */ = {isa = PBXFileReference; lastKnownFileType = sourcecode.swift; path = ViewController.swift; sourceTree = "<group>"; };
		3F69A5C6225E939C0033F794 /* Base */ = {isa = PBXFileReference; lastKnownFileType = file.storyboard; name = Base; path = Base.lproj/Main.storyboard; sourceTree = "<group>"; };
		3F69A5C8225E939E0033F794 /* Assets.xcassets */ = {isa = PBXFileReference; lastKnownFileType = folder.assetcatalog; path = Assets.xcassets; sourceTree = "<group>"; };
		3F69A5CB225E939E0033F794 /* Base */ = {isa = PBXFileReference; lastKnownFileType = file.storyboard; name = Base; path = Base.lproj/LaunchScreen.storyboard; sourceTree = "<group>"; };
		3F69A5CD225E939E0033F794 /* Info.plist */ = {isa = PBXFileReference; lastKnownFileType = text.plist.xml; path = Info.plist; sourceTree = "<group>"; };
		3F69A5D2225E939E0033F794 /* Learn2DanceTests.xctest */ = {isa = PBXFileReference; explicitFileType = wrapper.cfbundle; includeInIndex = 0; path = Learn2DanceTests.xctest; sourceTree = BUILT_PRODUCTS_DIR; };
		3F69A5D6225E939E0033F794 /* Learn2DanceTests.swift */ = {isa = PBXFileReference; lastKnownFileType = sourcecode.swift; path = Learn2DanceTests.swift; sourceTree = "<group>"; };
		3F69A5D8225E939E0033F794 /* Info.plist */ = {isa = PBXFileReference; lastKnownFileType = text.plist.xml; path = Info.plist; sourceTree = "<group>"; };
		3F69A5DD225E939E0033F794 /* Learn2DanceUITests.xctest */ = {isa = PBXFileReference; explicitFileType = wrapper.cfbundle; includeInIndex = 0; path = Learn2DanceUITests.xctest; sourceTree = BUILT_PRODUCTS_DIR; };
		3F69A5E1225E939E0033F794 /* Learn2DanceUITests.swift */ = {isa = PBXFileReference; lastKnownFileType = sourcecode.swift; path = Learn2DanceUITests.swift; sourceTree = "<group>"; };
		3F69A5E3225E939E0033F794 /* Info.plist */ = {isa = PBXFileReference; lastKnownFileType = text.plist.xml; path = Info.plist; sourceTree = "<group>"; };
		3F69A5EF225E93CD0033F794 /* Create.storyboard */ = {isa = PBXFileReference; lastKnownFileType = file.storyboard; path = Create.storyboard; sourceTree = "<group>"; };
		3F69A5F1225E93E70033F794 /* Stream.storyboard */ = {isa = PBXFileReference; lastKnownFileType = file.storyboard; path = Stream.storyboard; sourceTree = "<group>"; };
		3F69A5F3225E998F0033F794 /* Detail.storyboard */ = {isa = PBXFileReference; lastKnownFileType = file.storyboard; path = Detail.storyboard; sourceTree = "<group>"; };
		3F69A5F5225E9C550033F794 /* LoginViewController.swift */ = {isa = PBXFileReference; lastKnownFileType = sourcecode.swift; path = LoginViewController.swift; sourceTree = "<group>"; };
		3F69A5F7225E9D370033F794 /* CreateViewController.swift */ = {isa = PBXFileReference; lastKnownFileType = sourcecode.swift; path = CreateViewController.swift; sourceTree = "<group>"; };
		3F69A5F9225E9D5D0033F794 /* DetailViewController.swift */ = {isa = PBXFileReference; lastKnownFileType = sourcecode.swift; path = DetailViewController.swift; sourceTree = "<group>"; };
		3F69A5FB225E9D6B0033F794 /* StreamViewController.swift */ = {isa = PBXFileReference; lastKnownFileType = sourcecode.swift; path = StreamViewController.swift; sourceTree = "<group>"; };
		7B9682A4C39DD25FBA5AC694 /* Pods_Learn2DanceTests.framework */ = {isa = PBXFileReference; explicitFileType = wrapper.framework; includeInIndex = 0; path = Pods_Learn2DanceTests.framework; sourceTree = BUILT_PRODUCTS_DIR; };
		AC4997993BAB6B0661C9D6A0 /* Pods_Learn2Dance.framework */ = {isa = PBXFileReference; explicitFileType = wrapper.framework; includeInIndex = 0; path = Pods_Learn2Dance.framework; sourceTree = BUILT_PRODUCTS_DIR; };
		B60A7E07A32D2809ADB4AFF5 /* Pods-Learn2DanceTests.debug.xcconfig */ = {isa = PBXFileReference; includeInIndex = 1; lastKnownFileType = text.xcconfig; name = "Pods-Learn2DanceTests.debug.xcconfig"; path = "Target Support Files/Pods-Learn2DanceTests/Pods-Learn2DanceTests.debug.xcconfig"; sourceTree = "<group>"; };
		C4EE11AAFB7B64BD2827DA9E /* Pods-Learn2DanceUITests.debug.xcconfig */ = {isa = PBXFileReference; includeInIndex = 1; lastKnownFileType = text.xcconfig; name = "Pods-Learn2DanceUITests.debug.xcconfig"; path = "Target Support Files/Pods-Learn2DanceUITests/Pods-Learn2DanceUITests.debug.xcconfig"; sourceTree = "<group>"; };
		D07CADD6D11E4354089AF21E /* Pods-Learn2DanceUITests.release.xcconfig */ = {isa = PBXFileReference; includeInIndex = 1; lastKnownFileType = text.xcconfig; name = "Pods-Learn2DanceUITests.release.xcconfig"; path = "Target Support Files/Pods-Learn2DanceUITests/Pods-Learn2DanceUITests.release.xcconfig"; sourceTree = "<group>"; };
		E1C76063A7F423C78F628094 /* Pods-Learn2Dance.debug.xcconfig */ = {isa = PBXFileReference; includeInIndex = 1; lastKnownFileType = text.xcconfig; name = "Pods-Learn2Dance.debug.xcconfig"; path = "Target Support Files/Pods-Learn2Dance/Pods-Learn2Dance.debug.xcconfig"; sourceTree = "<group>"; };
		F0F125B59BB58B482463E84C /* Pods_Learn2DanceUITests.framework */ = {isa = PBXFileReference; explicitFileType = wrapper.framework; includeInIndex = 0; path = Pods_Learn2DanceUITests.framework; sourceTree = BUILT_PRODUCTS_DIR; };
/* End PBXFileReference section */

/* Begin PBXFrameworksBuildPhase section */
		3F69A5BB225E939C0033F794 /* Frameworks */ = {
			isa = PBXFrameworksBuildPhase;
			buildActionMask = 2147483647;
			files = (
				6C7A6567A61E67BA37FC0895 /* Pods_Learn2Dance.framework in Frameworks */,
			);
			runOnlyForDeploymentPostprocessing = 0;
		};
		3F69A5CF225E939E0033F794 /* Frameworks */ = {
			isa = PBXFrameworksBuildPhase;
			buildActionMask = 2147483647;
			files = (
				44B255B95BE17CBFFB33F5BB /* Pods_Learn2DanceTests.framework in Frameworks */,
			);
			runOnlyForDeploymentPostprocessing = 0;
		};
		3F69A5DA225E939E0033F794 /* Frameworks */ = {
			isa = PBXFrameworksBuildPhase;
			buildActionMask = 2147483647;
			files = (
				BFDB843C055AFAEC671281F9 /* Pods_Learn2DanceUITests.framework in Frameworks */,
			);
			runOnlyForDeploymentPostprocessing = 0;
		};
/* End PBXFrameworksBuildPhase section */

/* Begin PBXGroup section */
		3F69A5B5225E939C0033F794 = {
			isa = PBXGroup;
			children = (
				3F69A5C0225E939C0033F794 /* Learn2Dance */,
				3F69A5D5225E939E0033F794 /* Learn2DanceTests */,
				3F69A5E0225E939E0033F794 /* Learn2DanceUITests */,
				3F69A5BF225E939C0033F794 /* Products */,
				869EA5417E8A30FD415A2998 /* Pods */,
				E958CEAA0C0E6B940F7660C0 /* Frameworks */,
			);
			sourceTree = "<group>";
		};
		3F69A5BF225E939C0033F794 /* Products */ = {
			isa = PBXGroup;
			children = (
				3F69A5BE225E939C0033F794 /* Learn2Dance.app */,
				3F69A5D2225E939E0033F794 /* Learn2DanceTests.xctest */,
				3F69A5DD225E939E0033F794 /* Learn2DanceUITests.xctest */,
			);
			name = Products;
			sourceTree = "<group>";
		};
		3F69A5C0225E939C0033F794 /* Learn2Dance */ = {
			isa = PBXGroup;
			children = (
				3F69A5C1225E939C0033F794 /* AppDelegate.swift */,
				3F69A5C3225E939C0033F794 /* ViewController.swift */,
				3F69A5F5225E9C550033F794 /* LoginViewController.swift */,
				3F69A5C5225E939C0033F794 /* Main.storyboard */,
				3F69A5EF225E93CD0033F794 /* Create.storyboard */,
				3F69A5F7225E9D370033F794 /* CreateViewController.swift */,
				3F69A5F9225E9D5D0033F794 /* DetailViewController.swift */,
				3F69A5FB225E9D6B0033F794 /* StreamViewController.swift */,
				3F69A5F3225E998F0033F794 /* Detail.storyboard */,
				3F69A5C8225E939E0033F794 /* Assets.xcassets */,
				3F69A5CA225E939E0033F794 /* LaunchScreen.storyboard */,
				3F69A5CD225E939E0033F794 /* Info.plist */,
				3F69A5F1225E93E70033F794 /* Stream.storyboard */,
			);
			path = Learn2Dance;
			sourceTree = "<group>";
		};
		3F69A5D5225E939E0033F794 /* Learn2DanceTests */ = {
			isa = PBXGroup;
			children = (
				3F69A5D6225E939E0033F794 /* Learn2DanceTests.swift */,
				3F69A5D8225E939E0033F794 /* Info.plist */,
			);
			path = Learn2DanceTests;
			sourceTree = "<group>";
		};
		3F69A5E0225E939E0033F794 /* Learn2DanceUITests */ = {
			isa = PBXGroup;
			children = (
				3F69A5E1225E939E0033F794 /* Learn2DanceUITests.swift */,
				3F69A5E3225E939E0033F794 /* Info.plist */,
			);
			path = Learn2DanceUITests;
			sourceTree = "<group>";
		};
		869EA5417E8A30FD415A2998 /* Pods */ = {
			isa = PBXGroup;
			children = (
				E1C76063A7F423C78F628094 /* Pods-Learn2Dance.debug.xcconfig */,
				3CEC85CED540CE56567E7C38 /* Pods-Learn2Dance.release.xcconfig */,
				B60A7E07A32D2809ADB4AFF5 /* Pods-Learn2DanceTests.debug.xcconfig */,
				2F29062BBF7165807554C88E /* Pods-Learn2DanceTests.release.xcconfig */,
				C4EE11AAFB7B64BD2827DA9E /* Pods-Learn2DanceUITests.debug.xcconfig */,
				D07CADD6D11E4354089AF21E /* Pods-Learn2DanceUITests.release.xcconfig */,
			);
			name = Pods;
			path = Pods;
			sourceTree = "<group>";
		};
		E958CEAA0C0E6B940F7660C0 /* Frameworks */ = {
			isa = PBXGroup;
			children = (
				AC4997993BAB6B0661C9D6A0 /* Pods_Learn2Dance.framework */,
				7B9682A4C39DD25FBA5AC694 /* Pods_Learn2DanceTests.framework */,
				F0F125B59BB58B482463E84C /* Pods_Learn2DanceUITests.framework */,
			);
			name = Frameworks;
			sourceTree = "<group>";
		};
/* End PBXGroup section */

/* Begin PBXNativeTarget section */
		3F69A5BD225E939C0033F794 /* Learn2Dance */ = {
			isa = PBXNativeTarget;
			buildConfigurationList = 3F69A5E6225E939E0033F794 /* Build configuration list for PBXNativeTarget "Learn2Dance" */;
			buildPhases = (
				9217BBFCBC6E2698774CD53F /* [CP] Check Pods Manifest.lock */,
				3F69A5BA225E939C0033F794 /* Sources */,
				3F69A5BB225E939C0033F794 /* Frameworks */,
				3F69A5BC225E939C0033F794 /* Resources */,
				D250849D737B6EC589774A61 /* [CP] Embed Pods Frameworks */,
			);
			buildRules = (
			);
			dependencies = (
			);
			name = Learn2Dance;
			productName = Learn2Dance;
			productReference = 3F69A5BE225E939C0033F794 /* Learn2Dance.app */;
			productType = "com.apple.product-type.application";
		};
		3F69A5D1225E939E0033F794 /* Learn2DanceTests */ = {
			isa = PBXNativeTarget;
			buildConfigurationList = 3F69A5E9225E939E0033F794 /* Build configuration list for PBXNativeTarget "Learn2DanceTests" */;
			buildPhases = (
				0A5FD90630BD93B1DDCF7981 /* [CP] Check Pods Manifest.lock */,
				3F69A5CE225E939E0033F794 /* Sources */,
				3F69A5CF225E939E0033F794 /* Frameworks */,
				3F69A5D0225E939E0033F794 /* Resources */,
			);
			buildRules = (
			);
			dependencies = (
				3F69A5D4225E939E0033F794 /* PBXTargetDependency */,
			);
			name = Learn2DanceTests;
			productName = Learn2DanceTests;
			productReference = 3F69A5D2225E939E0033F794 /* Learn2DanceTests.xctest */;
			productType = "com.apple.product-type.bundle.unit-test";
		};
		3F69A5DC225E939E0033F794 /* Learn2DanceUITests */ = {
			isa = PBXNativeTarget;
			buildConfigurationList = 3F69A5EC225E939E0033F794 /* Build configuration list for PBXNativeTarget "Learn2DanceUITests" */;
			buildPhases = (
				92CB4B0DBEA10DC2949F3D82 /* [CP] Check Pods Manifest.lock */,
				3F69A5D9225E939E0033F794 /* Sources */,
				3F69A5DA225E939E0033F794 /* Frameworks */,
				3F69A5DB225E939E0033F794 /* Resources */,
			);
			buildRules = (
			);
			dependencies = (
				3F69A5DF225E939E0033F794 /* PBXTargetDependency */,
			);
			name = Learn2DanceUITests;
			productName = Learn2DanceUITests;
			productReference = 3F69A5DD225E939E0033F794 /* Learn2DanceUITests.xctest */;
			productType = "com.apple.product-type.bundle.ui-testing";
		};
/* End PBXNativeTarget section */

/* Begin PBXProject section */
		3F69A5B6225E939C0033F794 /* Project object */ = {
			isa = PBXProject;
			attributes = {
				LastSwiftUpdateCheck = 1010;
				LastUpgradeCheck = 1010;
				ORGANIZATIONNAME = "William Hutt";
				TargetAttributes = {
					3F69A5BD225E939C0033F794 = {
						CreatedOnToolsVersion = 10.1;
					};
					3F69A5D1225E939E0033F794 = {
						CreatedOnToolsVersion = 10.1;
						TestTargetID = 3F69A5BD225E939C0033F794;
					};
					3F69A5DC225E939E0033F794 = {
						CreatedOnToolsVersion = 10.1;
						TestTargetID = 3F69A5BD225E939C0033F794;
					};
				};
			};
			buildConfigurationList = 3F69A5B9225E939C0033F794 /* Build configuration list for PBXProject "Learn2Dance" */;
			compatibilityVersion = "Xcode 9.3";
			developmentRegion = en;
			hasScannedForEncodings = 0;
			knownRegions = (
				en,
				Base,
			);
			mainGroup = 3F69A5B5225E939C0033F794;
			productRefGroup = 3F69A5BF225E939C0033F794 /* Products */;
			projectDirPath = "";
			projectRoot = "";
			targets = (
				3F69A5BD225E939C0033F794 /* Learn2Dance */,
				3F69A5D1225E939E0033F794 /* Learn2DanceTests */,
				3F69A5DC225E939E0033F794 /* Learn2DanceUITests */,
			);
		};
/* End PBXProject section */

/* Begin PBXResourcesBuildPhase section */
		3F69A5BC225E939C0033F794 /* Resources */ = {
			isa = PBXResourcesBuildPhase;
			buildActionMask = 2147483647;
			files = (
				3F69A5F0225E93CD0033F794 /* Create.storyboard in Resources */,
				3F69A5CC225E939E0033F794 /* LaunchScreen.storyboard in Resources */,
				3F69A5F2225E93E70033F794 /* Stream.storyboard in Resources */,
				3F69A5C9225E939E0033F794 /* Assets.xcassets in Resources */,
				3F69A5C7225E939C0033F794 /* Main.storyboard in Resources */,
				3F69A5F4225E998F0033F794 /* Detail.storyboard in Resources */,
			);
			runOnlyForDeploymentPostprocessing = 0;
		};
		3F69A5D0225E939E0033F794 /* Resources */ = {
			isa = PBXResourcesBuildPhase;
			buildActionMask = 2147483647;
			files = (
			);
			runOnlyForDeploymentPostprocessing = 0;
		};
		3F69A5DB225E939E0033F794 /* Resources */ = {
			isa = PBXResourcesBuildPhase;
			buildActionMask = 2147483647;
			files = (
			);
			runOnlyForDeploymentPostprocessing = 0;
		};
/* End PBXResourcesBuildPhase section */

/* Begin PBXShellScriptBuildPhase section */
		0A5FD90630BD93B1DDCF7981 /* [CP] Check Pods Manifest.lock */ = {
			isa = PBXShellScriptBuildPhase;
			buildActionMask = 2147483647;
			files = (
			);
			inputFileListPaths = (
			);
			inputPaths = (
				"${PODS_PODFILE_DIR_PATH}/Podfile.lock",
				"${PODS_ROOT}/Manifest.lock",
			);
			name = "[CP] Check Pods Manifest.lock";
			outputFileListPaths = (
			);
			outputPaths = (
				"$(DERIVED_FILE_DIR)/Pods-Learn2DanceTests-checkManifestLockResult.txt",
			);
			runOnlyForDeploymentPostprocessing = 0;
			shellPath = /bin/sh;
			shellScript = "diff \"${PODS_PODFILE_DIR_PATH}/Podfile.lock\" \"${PODS_ROOT}/Manifest.lock\" > /dev/null\nif [ $? != 0 ] ; then\n    # print error to STDERR\n    echo \"error: The sandbox is not in sync with the Podfile.lock. Run 'pod install' or update your CocoaPods installation.\" >&2\n    exit 1\nfi\n# This output is used by Xcode 'outputs' to avoid re-running this script phase.\necho \"SUCCESS\" > \"${SCRIPT_OUTPUT_FILE_0}\"\n";
			showEnvVarsInLog = 0;
		};
		9217BBFCBC6E2698774CD53F /* [CP] Check Pods Manifest.lock */ = {
			isa = PBXShellScriptBuildPhase;
			buildActionMask = 2147483647;
			files = (
			);
			inputFileListPaths = (
			);
			inputPaths = (
				"${PODS_PODFILE_DIR_PATH}/Podfile.lock",
				"${PODS_ROOT}/Manifest.lock",
			);
			name = "[CP] Check Pods Manifest.lock";
			outputFileListPaths = (
			);
			outputPaths = (
				"$(DERIVED_FILE_DIR)/Pods-Learn2Dance-checkManifestLockResult.txt",
			);
			runOnlyForDeploymentPostprocessing = 0;
			shellPath = /bin/sh;
			shellScript = "diff \"${PODS_PODFILE_DIR_PATH}/Podfile.lock\" \"${PODS_ROOT}/Manifest.lock\" > /dev/null\nif [ $? != 0 ] ; then\n    # print error to STDERR\n    echo \"error: The sandbox is not in sync with the Podfile.lock. Run 'pod install' or update your CocoaPods installation.\" >&2\n    exit 1\nfi\n# This output is used by Xcode 'outputs' to avoid re-running this script phase.\necho \"SUCCESS\" > \"${SCRIPT_OUTPUT_FILE_0}\"\n";
			showEnvVarsInLog = 0;
		};
		92CB4B0DBEA10DC2949F3D82 /* [CP] Check Pods Manifest.lock */ = {
			isa = PBXShellScriptBuildPhase;
			buildActionMask = 2147483647;
			files = (
			);
			inputFileListPaths = (
			);
			inputPaths = (
				"${PODS_PODFILE_DIR_PATH}/Podfile.lock",
				"${PODS_ROOT}/Manifest.lock",
			);
			name = "[CP] Check Pods Manifest.lock";
			outputFileListPaths = (
			);
			outputPaths = (
				"$(DERIVED_FILE_DIR)/Pods-Learn2DanceUITests-checkManifestLockResult.txt",
			);
			runOnlyForDeploymentPostprocessing = 0;
			shellPath = /bin/sh;
			shellScript = "diff \"${PODS_PODFILE_DIR_PATH}/Podfile.lock\" \"${PODS_ROOT}/Manifest.lock\" > /dev/null\nif [ $? != 0 ] ; then\n    # print error to STDERR\n    echo \"error: The sandbox is not in sync with the Podfile.lock. Run 'pod install' or update your CocoaPods installation.\" >&2\n    exit 1\nfi\n# This output is used by Xcode 'outputs' to avoid re-running this script phase.\necho \"SUCCESS\" > \"${SCRIPT_OUTPUT_FILE_0}\"\n";
			showEnvVarsInLog = 0;
		};
		D250849D737B6EC589774A61 /* [CP] Embed Pods Frameworks */ = {
			isa = PBXShellScriptBuildPhase;
			buildActionMask = 2147483647;
			files = (
			);
			inputFileListPaths = (
			);
			inputPaths = (
				"${PODS_ROOT}/Target Support Files/Pods-Learn2Dance/Pods-Learn2Dance-frameworks.sh",
				"${BUILT_PRODUCTS_DIR}/Alamofire/Alamofire.framework",
				"${BUILT_PRODUCTS_DIR}/AlamofireImage/AlamofireImage.framework",
				"${BUILT_PRODUCTS_DIR}/Bolts/Bolts.framework",
				"${BUILT_PRODUCTS_DIR}/Parse/Parse.framework",
			);
			name = "[CP] Embed Pods Frameworks";
			outputFileListPaths = (
			);
			outputPaths = (
				"${TARGET_BUILD_DIR}/${FRAMEWORKS_FOLDER_PATH}/Alamofire.framework",
				"${TARGET_BUILD_DIR}/${FRAMEWORKS_FOLDER_PATH}/AlamofireImage.framework",
				"${TARGET_BUILD_DIR}/${FRAMEWORKS_FOLDER_PATH}/Bolts.framework",
				"${TARGET_BUILD_DIR}/${FRAMEWORKS_FOLDER_PATH}/Parse.framework",
			);
			runOnlyForDeploymentPostprocessing = 0;
			shellPath = /bin/sh;
			shellScript = "\"${PODS_ROOT}/Target Support Files/Pods-Learn2Dance/Pods-Learn2Dance-frameworks.sh\"\n";
			showEnvVarsInLog = 0;
		};
/* End PBXShellScriptBuildPhase section */

/* Begin PBXSourcesBuildPhase section */
		3F69A5BA225E939C0033F794 /* Sources */ = {
			isa = PBXSourcesBuildPhase;
			buildActionMask = 2147483647;
			files = (
				3F69A5F8225E9D370033F794 /* CreateViewController.swift in Sources */,
				3F69A5F6225E9C550033F794 /* LoginViewController.swift in Sources */,
				3F69A5FC225E9D6B0033F794 /* StreamViewController.swift in Sources */,
				3F69A5FA225E9D5D0033F794 /* DetailViewController.swift in Sources */,
				3F69A5C4225E939C0033F794 /* ViewController.swift in Sources */,
				3F69A5C2225E939C0033F794 /* AppDelegate.swift in Sources */,
			);
			runOnlyForDeploymentPostprocessing = 0;
		};
		3F69A5CE225E939E0033F794 /* Sources */ = {
			isa = PBXSourcesBuildPhase;
			buildActionMask = 2147483647;
			files = (
				3F69A5D7225E939E0033F794 /* Learn2DanceTests.swift in Sources */,
			);
			runOnlyForDeploymentPostprocessing = 0;
		};
		3F69A5D9225E939E0033F794 /* Sources */ = {
			isa = PBXSourcesBuildPhase;
			buildActionMask = 2147483647;
			files = (
				3F69A5E2225E939E0033F794 /* Learn2DanceUITests.swift in Sources */,
			);
			runOnlyForDeploymentPostprocessing = 0;
		};
/* End PBXSourcesBuildPhase section */

/* Begin PBXTargetDependency section */
		3F69A5D4225E939E0033F794 /* PBXTargetDependency */ = {
			isa = PBXTargetDependency;
			target = 3F69A5BD225E939C0033F794 /* Learn2Dance */;
			targetProxy = 3F69A5D3225E939E0033F794 /* PBXContainerItemProxy */;
		};
		3F69A5DF225E939E0033F794 /* PBXTargetDependency */ = {
			isa = PBXTargetDependency;
			target = 3F69A5BD225E939C0033F794 /* Learn2Dance */;
			targetProxy = 3F69A5DE225E939E0033F794 /* PBXContainerItemProxy */;
		};
/* End PBXTargetDependency section */

/* Begin PBXVariantGroup section */
		3F69A5C5225E939C0033F794 /* Main.storyboard */ = {
			isa = PBXVariantGroup;
			children = (
				3F69A5C6225E939C0033F794 /* Base */,
			);
			name = Main.storyboard;
			sourceTree = "<group>";
		};
		3F69A5CA225E939E0033F794 /* LaunchScreen.storyboard */ = {
			isa = PBXVariantGroup;
			children = (
				3F69A5CB225E939E0033F794 /* Base */,
			);
			name = LaunchScreen.storyboard;
			sourceTree = "<group>";
		};
/* End PBXVariantGroup section */

/* Begin XCBuildConfiguration section */
		3F69A5E4225E939E0033F794 /* Debug */ = {
			isa = XCBuildConfiguration;
			buildSettings = {
				ALWAYS_SEARCH_USER_PATHS = NO;
				CLANG_ANALYZER_NONNULL = YES;
				CLANG_ANALYZER_NUMBER_OBJECT_CONVERSION = YES_AGGRESSIVE;
				CLANG_CXX_LANGUAGE_STANDARD = "gnu++14";
				CLANG_CXX_LIBRARY = "libc++";
				CLANG_ENABLE_MODULES = YES;
				CLANG_ENABLE_OBJC_ARC = YES;
				CLANG_ENABLE_OBJC_WEAK = YES;
				CLANG_WARN_BLOCK_CAPTURE_AUTORELEASING = YES;
				CLANG_WARN_BOOL_CONVERSION = YES;
				CLANG_WARN_COMMA = YES;
				CLANG_WARN_CONSTANT_CONVERSION = YES;
				CLANG_WARN_DEPRECATED_OBJC_IMPLEMENTATIONS = YES;
				CLANG_WARN_DIRECT_OBJC_ISA_USAGE = YES_ERROR;
				CLANG_WARN_DOCUMENTATION_COMMENTS = YES;
				CLANG_WARN_EMPTY_BODY = YES;
				CLANG_WARN_ENUM_CONVERSION = YES;
				CLANG_WARN_INFINITE_RECURSION = YES;
				CLANG_WARN_INT_CONVERSION = YES;
				CLANG_WARN_NON_LITERAL_NULL_CONVERSION = YES;
				CLANG_WARN_OBJC_IMPLICIT_RETAIN_SELF = YES;
				CLANG_WARN_OBJC_LITERAL_CONVERSION = YES;
				CLANG_WARN_OBJC_ROOT_CLASS = YES_ERROR;
				CLANG_WARN_RANGE_LOOP_ANALYSIS = YES;
				CLANG_WARN_STRICT_PROTOTYPES = YES;
				CLANG_WARN_SUSPICIOUS_MOVE = YES;
				CLANG_WARN_UNGUARDED_AVAILABILITY = YES_AGGRESSIVE;
				CLANG_WARN_UNREACHABLE_CODE = YES;
				CLANG_WARN__DUPLICATE_METHOD_MATCH = YES;
				CODE_SIGN_IDENTITY = "iPhone Developer";
				COPY_PHASE_STRIP = NO;
				DEBUG_INFORMATION_FORMAT = dwarf;
				ENABLE_STRICT_OBJC_MSGSEND = YES;
				ENABLE_TESTABILITY = YES;
				GCC_C_LANGUAGE_STANDARD = gnu11;
				GCC_DYNAMIC_NO_PIC = NO;
				GCC_NO_COMMON_BLOCKS = YES;
				GCC_OPTIMIZATION_LEVEL = 0;
				GCC_PREPROCESSOR_DEFINITIONS = (
					"DEBUG=1",
					"$(inherited)",
				);
				GCC_WARN_64_TO_32_BIT_CONVERSION = YES;
				GCC_WARN_ABOUT_RETURN_TYPE = YES_ERROR;
				GCC_WARN_UNDECLARED_SELECTOR = YES;
				GCC_WARN_UNINITIALIZED_AUTOS = YES_AGGRESSIVE;
				GCC_WARN_UNUSED_FUNCTION = YES;
				GCC_WARN_UNUSED_VARIABLE = YES;
				IPHONEOS_DEPLOYMENT_TARGET = 12.1;
				MTL_ENABLE_DEBUG_INFO = INCLUDE_SOURCE;
				MTL_FAST_MATH = YES;
				ONLY_ACTIVE_ARCH = YES;
				SDKROOT = iphoneos;
				SWIFT_ACTIVE_COMPILATION_CONDITIONS = DEBUG;
				SWIFT_OPTIMIZATION_LEVEL = "-Onone";
			};
			name = Debug;
		};
		3F69A5E5225E939E0033F794 /* Release */ = {
			isa = XCBuildConfiguration;
			buildSettings = {
				ALWAYS_SEARCH_USER_PATHS = NO;
				CLANG_ANALYZER_NONNULL = YES;
				CLANG_ANALYZER_NUMBER_OBJECT_CONVERSION = YES_AGGRESSIVE;
				CLANG_CXX_LANGUAGE_STANDARD = "gnu++14";
				CLANG_CXX_LIBRARY = "libc++";
				CLANG_ENABLE_MODULES = YES;
				CLANG_ENABLE_OBJC_ARC = YES;
				CLANG_ENABLE_OBJC_WEAK = YES;
				CLANG_WARN_BLOCK_CAPTURE_AUTORELEASING = YES;
				CLANG_WARN_BOOL_CONVERSION = YES;
				CLANG_WARN_COMMA = YES;
				CLANG_WARN_CONSTANT_CONVERSION = YES;
				CLANG_WARN_DEPRECATED_OBJC_IMPLEMENTATIONS = YES;
				CLANG_WARN_DIRECT_OBJC_ISA_USAGE = YES_ERROR;
				CLANG_WARN_DOCUMENTATION_COMMENTS = YES;
				CLANG_WARN_EMPTY_BODY = YES;
				CLANG_WARN_ENUM_CONVERSION = YES;
				CLANG_WARN_INFINITE_RECURSION = YES;
				CLANG_WARN_INT_CONVERSION = YES;
				CLANG_WARN_NON_LITERAL_NULL_CONVERSION = YES;
				CLANG_WARN_OBJC_IMPLICIT_RETAIN_SELF = YES;
				CLANG_WARN_OBJC_LITERAL_CONVERSION = YES;
				CLANG_WARN_OBJC_ROOT_CLASS = YES_ERROR;
				CLANG_WARN_RANGE_LOOP_ANALYSIS = YES;
				CLANG_WARN_STRICT_PROTOTYPES = YES;
				CLANG_WARN_SUSPICIOUS_MOVE = YES;
				CLANG_WARN_UNGUARDED_AVAILABILITY = YES_AGGRESSIVE;
				CLANG_WARN_UNREACHABLE_CODE = YES;
				CLANG_WARN__DUPLICATE_METHOD_MATCH = YES;
				CODE_SIGN_IDENTITY = "iPhone Developer";
				COPY_PHASE_STRIP = NO;
				DEBUG_INFORMATION_FORMAT = "dwarf-with-dsym";
				ENABLE_NS_ASSERTIONS = NO;
				ENABLE_STRICT_OBJC_MSGSEND = YES;
				GCC_C_LANGUAGE_STANDARD = gnu11;
				GCC_NO_COMMON_BLOCKS = YES;
				GCC_WARN_64_TO_32_BIT_CONVERSION = YES;
				GCC_WARN_ABOUT_RETURN_TYPE = YES_ERROR;
				GCC_WARN_UNDECLARED_SELECTOR = YES;
				GCC_WARN_UNINITIALIZED_AUTOS = YES_AGGRESSIVE;
				GCC_WARN_UNUSED_FUNCTION = YES;
				GCC_WARN_UNUSED_VARIABLE = YES;
				IPHONEOS_DEPLOYMENT_TARGET = 12.1;
				MTL_ENABLE_DEBUG_INFO = NO;
				MTL_FAST_MATH = YES;
				SDKROOT = iphoneos;
				SWIFT_COMPILATION_MODE = wholemodule;
				SWIFT_OPTIMIZATION_LEVEL = "-O";
				VALIDATE_PRODUCT = YES;
			};
			name = Release;
		};
		3F69A5E7225E939E0033F794 /* Debug */ = {
			isa = XCBuildConfiguration;
			baseConfigurationReference = E1C76063A7F423C78F628094 /* Pods-Learn2Dance.debug.xcconfig */;
			buildSettings = {
				ASSETCATALOG_COMPILER_APPICON_NAME = AppIcon;
				CODE_SIGN_STYLE = Automatic;
				INFOPLIST_FILE = Learn2Dance/Info.plist;
				LD_RUNPATH_SEARCH_PATHS = (
					"$(inherited)",
					"@executable_path/Frameworks",
				);
				PRODUCT_BUNDLE_IDENTIFIER = whutt.Learn2Dance;
				PRODUCT_NAME = "$(TARGET_NAME)";
				SWIFT_VERSION = 4.2;
				TARGETED_DEVICE_FAMILY = "1,2";
			};
			name = Debug;
		};
		3F69A5E8225E939E0033F794 /* Release */ = {
			isa = XCBuildConfiguration;
			baseConfigurationReference = 3CEC85CED540CE56567E7C38 /* Pods-Learn2Dance.release.xcconfig */;
			buildSettings = {
				ASSETCATALOG_COMPILER_APPICON_NAME = AppIcon;
				CODE_SIGN_STYLE = Automatic;
				INFOPLIST_FILE = Learn2Dance/Info.plist;
				LD_RUNPATH_SEARCH_PATHS = (
					"$(inherited)",
					"@executable_path/Frameworks",
				);
				PRODUCT_BUNDLE_IDENTIFIER = whutt.Learn2Dance;
				PRODUCT_NAME = "$(TARGET_NAME)";
				SWIFT_VERSION = 4.2;
				TARGETED_DEVICE_FAMILY = "1,2";
			};
			name = Release;
		};
		3F69A5EA225E939E0033F794 /* Debug */ = {
			isa = XCBuildConfiguration;
			baseConfigurationReference = B60A7E07A32D2809ADB4AFF5 /* Pods-Learn2DanceTests.debug.xcconfig */;
			buildSettings = {
				ALWAYS_EMBED_SWIFT_STANDARD_LIBRARIES = YES;
				BUNDLE_LOADER = "$(TEST_HOST)";
				CODE_SIGN_STYLE = Automatic;
				INFOPLIST_FILE = Learn2DanceTests/Info.plist;
				LD_RUNPATH_SEARCH_PATHS = (
					"$(inherited)",
					"@executable_path/Frameworks",
					"@loader_path/Frameworks",
				);
				PRODUCT_BUNDLE_IDENTIFIER = whutt.Learn2DanceTests;
				PRODUCT_NAME = "$(TARGET_NAME)";
				SWIFT_VERSION = 4.2;
				TARGETED_DEVICE_FAMILY = "1,2";
				TEST_HOST = "$(BUILT_PRODUCTS_DIR)/Learn2Dance.app/Learn2Dance";
			};
			name = Debug;
		};
		3F69A5EB225E939E0033F794 /* Release */ = {
			isa = XCBuildConfiguration;
			baseConfigurationReference = 2F29062BBF7165807554C88E /* Pods-Learn2DanceTests.release.xcconfig */;
			buildSettings = {
				ALWAYS_EMBED_SWIFT_STANDARD_LIBRARIES = YES;
				BUNDLE_LOADER = "$(TEST_HOST)";
				CODE_SIGN_STYLE = Automatic;
				INFOPLIST_FILE = Learn2DanceTests/Info.plist;
				LD_RUNPATH_SEARCH_PATHS = (
					"$(inherited)",
					"@executable_path/Frameworks",
					"@loader_path/Frameworks",
				);
				PRODUCT_BUNDLE_IDENTIFIER = whutt.Learn2DanceTests;
				PRODUCT_NAME = "$(TARGET_NAME)";
				SWIFT_VERSION = 4.2;
				TARGETED_DEVICE_FAMILY = "1,2";
				TEST_HOST = "$(BUILT_PRODUCTS_DIR)/Learn2Dance.app/Learn2Dance";
			};
			name = Release;
		};
		3F69A5ED225E939E0033F794 /* Debug */ = {
			isa = XCBuildConfiguration;
			baseConfigurationReference = C4EE11AAFB7B64BD2827DA9E /* Pods-Learn2DanceUITests.debug.xcconfig */;
			buildSettings = {
				ALWAYS_EMBED_SWIFT_STANDARD_LIBRARIES = YES;
				CODE_SIGN_STYLE = Automatic;
				INFOPLIST_FILE = Learn2DanceUITests/Info.plist;
				LD_RUNPATH_SEARCH_PATHS = (
					"$(inherited)",
					"@executable_path/Frameworks",
					"@loader_path/Frameworks",
				);
				PRODUCT_BUNDLE_IDENTIFIER = whutt.Learn2DanceUITests;
				PRODUCT_NAME = "$(TARGET_NAME)";
				SWIFT_VERSION = 4.2;
				TARGETED_DEVICE_FAMILY = "1,2";
				TEST_TARGET_NAME = Learn2Dance;
			};
			name = Debug;
		};
		3F69A5EE225E939E0033F794 /* Release */ = {
			isa = XCBuildConfiguration;
			baseConfigurationReference = D07CADD6D11E4354089AF21E /* Pods-Learn2DanceUITests.release.xcconfig */;
			buildSettings = {
				ALWAYS_EMBED_SWIFT_STANDARD_LIBRARIES = YES;
				CODE_SIGN_STYLE = Automatic;
				INFOPLIST_FILE = Learn2DanceUITests/Info.plist;
				LD_RUNPATH_SEARCH_PATHS = (
					"$(inherited)",
					"@executable_path/Frameworks",
					"@loader_path/Frameworks",
				);
				PRODUCT_BUNDLE_IDENTIFIER = whutt.Learn2DanceUITests;
				PRODUCT_NAME = "$(TARGET_NAME)";
				SWIFT_VERSION = 4.2;
				TARGETED_DEVICE_FAMILY = "1,2";
				TEST_TARGET_NAME = Learn2Dance;
			};
			name = Release;
		};
/* End XCBuildConfiguration section */

/* Begin XCConfigurationList section */
		3F69A5B9225E939C0033F794 /* Build configuration list for PBXProject "Learn2Dance" */ = {
			isa = XCConfigurationList;
			buildConfigurations = (
				3F69A5E4225E939E0033F794 /* Debug */,
				3F69A5E5225E939E0033F794 /* Release */,
			);
			defaultConfigurationIsVisible = 0;
			defaultConfigurationName = Release;
		};
		3F69A5E6225E939E0033F794 /* Build configuration list for PBXNativeTarget "Learn2Dance" */ = {
			isa = XCConfigurationList;
			buildConfigurations = (
				3F69A5E7225E939E0033F794 /* Debug */,
				3F69A5E8225E939E0033F794 /* Release */,
			);
			defaultConfigurationIsVisible = 0;
			defaultConfigurationName = Release;
		};
		3F69A5E9225E939E0033F794 /* Build configuration list for PBXNativeTarget "Learn2DanceTests" */ = {
			isa = XCConfigurationList;
			buildConfigurations = (
				3F69A5EA225E939E0033F794 /* Debug */,
				3F69A5EB225E939E0033F794 /* Release */,
			);
			defaultConfigurationIsVisible = 0;
			defaultConfigurationName = Release;
		};
		3F69A5EC225E939E0033F794 /* Build configuration list for PBXNativeTarget "Learn2DanceUITests" */ = {
			isa = XCConfigurationList;
			buildConfigurations = (
				3F69A5ED225E939E0033F794 /* Debug */,
				3F69A5EE225E939E0033F794 /* Release */,
			);
			defaultConfigurationIsVisible = 0;
			defaultConfigurationName = Release;
		};
/* End XCConfigurationList section */
	};
	rootObject = 3F69A5B6225E939C0033F794 /* Project object */;
}
